# THIS IS AN AUTOGENERATED FILE. DO NOT EDIT THIS FILE DIRECTLY.
# yarn lockfile v1


kolmafia@^3.1.1:
  version "3.1.1"
  resolved "https://registry.yarnpkg.com/kolmafia/-/kolmafia-3.1.1.tgz#bf821bdbe36d64e301ea201f11f13cf92a7ab47a"
  integrity sha512-X+CVw9yFHWb6ZnYtnkPeXhKjpvQHPLhZE+EFuulVocobcWpeBdZVDWoUEesmsOIRgoJu7u2fc0c9gkHQh2TaAQ==
